#MicroXplorer Configuration settings - do not modify
ADC1.AutoInjectedConv=DISABLE
ADC1.Channel-31\#ChannelRegularConversion=ADC_CHANNEL_5
ADC1.DMAContinuousRequests=ENABLE
ADC1.ExternalTrigConv=ADC_EXTERNALTRIG_T2_TRGO
ADC1.IPParameters=Rank-31\#ChannelRegularConversion,Channel-31\#ChannelRegularConversion,SingleDiff-31\#ChannelRegularConversion,SamplingTime-31\#ChannelRegularConversion,OffsetNumber-31\#ChannelRegularConversion,NbrOfConversionFlag,master,AutoInjectedConv,InjectedDiscontinuousConvMode,DMAContinuousRequests,ExternalTrigConv
ADC1.InjectedDiscontinuousConvMode=DISABLE
ADC1.NbrOfConversionFlag=1
ADC1.OffsetNumber-31\#ChannelRegularConversion=ADC_OFFSET_NONE
ADC1.Rank-31\#ChannelRegularConversion=1
ADC1.SamplingTime-31\#ChannelRegularConversion=ADC_SAMPLETIME_2CYCLES_5
ADC1.SingleDiff-31\#ChannelRegularConversion=ADC_DIFFERENTIAL_ENDED
ADC1.master=1
DAC1.DAC_Channel-DAC_OUT1=DAC_CHANNEL_1
DAC1.DAC_Channel-DAC_OUT2=DAC_CHANNEL_2
DAC1.DAC_Trigger-DAC_OUT2=DAC_TRIGGER_T6_TRGO
DAC1.IPParameters=DAC_Channel-DAC_OUT2,WaveGeneration-DAC_OUT2,DAC_Channel-DAC_OUT1,WaveGeneration-DAC_OUT1,DAC_Trigger-DAC_OUT2
DAC1.WaveGeneration-DAC_OUT1=DISABLE
DAC1.WaveGeneration-DAC_OUT2=DISABLE
Dma.ADC1.1.Direction=DMA_PERIPH_TO_MEMORY
Dma.ADC1.1.Instance=DMA1_Channel1
Dma.ADC1.1.MemDataAlignment=DMA_MDATAALIGN_HALFWORD
Dma.ADC1.1.MemInc=DMA_MINC_ENABLE
Dma.ADC1.1.Mode=DMA_CIRCULAR
Dma.ADC1.1.PeriphDataAlignment=DMA_PDATAALIGN_HALFWORD
Dma.ADC1.1.PeriphInc=DMA_PINC_DISABLE
Dma.ADC1.1.Priority=DMA_PRIORITY_LOW
Dma.ADC1.1.RequestParameters=Instance,Direction,PeriphInc,MemInc,PeriphDataAlignment,MemDataAlignment,Mode,Priority
Dma.DAC_CH2.0.Direction=DMA_MEMORY_TO_PERIPH
Dma.DAC_CH2.0.Instance=DMA1_Channel4
Dma.DAC_CH2.0.MemDataAlignment=DMA_MDATAALIGN_HALFWORD
Dma.DAC_CH2.0.MemInc=DMA_MINC_ENABLE
Dma.DAC_CH2.0.Mode=DMA_CIRCULAR
Dma.DAC_CH2.0.PeriphDataAlignment=DMA_PDATAALIGN_HALFWORD
Dma.DAC_CH2.0.PeriphInc=DMA_PINC_DISABLE
Dma.DAC_CH2.0.Priority=DMA_PRIORITY_LOW
Dma.DAC_CH2.0.RequestParameters=Instance,Direction,PeriphInc,MemInc,PeriphDataAlignment,MemDataAlignment,Mode,Priority
Dma.Request0=DAC_CH2
Dma.Request1=ADC1
Dma.RequestsNb=2
File.Version=6
I2C1.IPParameters=OwnAddress2Masks
I2C1.OwnAddress2Masks=I2C_OA2_NOMASK
KeepUserPlacement=false
Mcu.Family=STM32L4
Mcu.IP0=ADC1
Mcu.IP1=DAC1
Mcu.IP10=USB_DEVICE
Mcu.IP2=DMA
Mcu.IP3=I2C1
Mcu.IP4=NVIC
Mcu.IP5=RCC
Mcu.IP6=SYS
Mcu.IP7=TIM2
Mcu.IP8=TIM6
Mcu.IP9=USB
Mcu.IPNb=11
Mcu.Name=STM32L432K(B-C)Ux
Mcu.Package=UFQFPN32
Mcu.Pin0=PA0-CK_IN
Mcu.Pin1=PA1
Mcu.Pin10=PA13 (JTMS-SWDIO)
Mcu.Pin11=PA14 (JTCK-SWCLK)
Mcu.Pin12=PB6
Mcu.Pin13=PB7
Mcu.Pin14=VP_SYS_VS_Systick
Mcu.Pin15=VP_TIM2_VS_ClockSourceINT
Mcu.Pin16=VP_TIM6_VS_ClockSourceINT
Mcu.Pin17=VP_USB_DEVICE_VS_USB_DEVICE_CDC_FS
Mcu.Pin2=PA3
Mcu.Pin3=PA4
Mcu.Pin4=PA5
Mcu.Pin5=PA6
Mcu.Pin6=PA7
Mcu.Pin7=PA8
Mcu.Pin8=PA11
Mcu.Pin9=PA12
Mcu.PinsNb=18
Mcu.UserConstants=
Mcu.UserName=STM32L432KBUx
MxCube.Version=4.20.0
MxDb.Version=DB.4.0.200
NVIC.BusFault_IRQn=true\:0\:0\:false\:false\:true
NVIC.DMA1_Channel1_IRQn=true\:0\:0\:false\:false\:true
NVIC.DMA1_Channel4_IRQn=true\:0\:0\:false\:false\:true
NVIC.DebugMonitor_IRQn=true\:0\:0\:false\:false\:true
NVIC.HardFault_IRQn=true\:0\:0\:false\:false\:true
NVIC.MemoryManagement_IRQn=true\:0\:0\:false\:false\:true
NVIC.NonMaskableInt_IRQn=true\:0\:0\:false\:false\:true
NVIC.PendSV_IRQn=true\:0\:0\:false\:false\:true
NVIC.PriorityGroup=NVIC_PRIORITYGROUP_4
NVIC.SVCall_IRQn=true\:0\:0\:false\:false\:true
NVIC.SysTick_IRQn=true\:0\:0\:false\:false\:true
NVIC.USB_IRQn=true\:0\:0\:false\:false\:true
NVIC.UsageFault_IRQn=true\:0\:0\:false\:false\:true
PA0-CK_IN.Locked=true
PA0-CK_IN.Signal=ADCx_IN5
PA1.Signal=ADCx_IN6
PA11.Mode=Device
PA11.Signal=USB_DM
PA12.Mode=Device
PA12.Signal=USB_DP
PA13\ (JTMS-SWDIO).Locked=true
PA13\ (JTMS-SWDIO).Signal=SYS_JTMS-SWDIO
PA14\ (JTCK-SWCLK).Locked=true
PA14\ (JTCK-SWCLK).Signal=SYS_JTCK-SWCLK
PA3.GPIOParameters=GPIO_PuPd,GPIO_Mode
PA3.GPIO_Mode=GPIO_MODE_INPUT
PA3.GPIO_PuPd=GPIO_NOPULL
PA3.Locked=true
PA3.Signal=GPIO_Input
PA4.GPIOParameters=GPIO_PuPd,GPIO_Mode
PA4.GPIO_Mode=GPIO_MODE_ANALOG
PA4.GPIO_PuPd=GPIO_NOPULL
PA4.Signal=COMP_DAC11_group
PA5.GPIOParameters=GPIO_PuPd,GPIO_Mode
PA5.GPIO_Mode=GPIO_MODE_ANALOG
PA5.GPIO_PuPd=GPIO_NOPULL
PA5.Signal=COMP_DAC12_group
PA6.GPIOParameters=GPIO_ModeDefaultOutputPP,PinState,GPIO_Speed,GPIO_PuPd
PA6.GPIO_ModeDefaultOutputPP=GPIO_MODE_OUTPUT_PP
PA6.GPIO_PuPd=GPIO_NOPULL
PA6.GPIO_Speed=GPIO_SPEED_FREQ_LOW
PA6.Locked=true
PA6.PinState=GPIO_PIN_RESET
PA6.Signal=GPIO_Output
PA7.GPIOParameters=GPIO_ModeDefaultOutputPP,PinState,GPIO_Speed,GPIO_PuPd
PA7.GPIO_ModeDefaultOutputPP=GPIO_MODE_OUTPUT_PP
PA7.GPIO_PuPd=GPIO_NOPULL
PA7.GPIO_Speed=GPIO_SPEED_FREQ_LOW
PA7.Locked=true
PA7.PinState=GPIO_PIN_RESET
PA7.Signal=GPIO_Output
PA8.GPIOParameters=GPIO_PuPd,GPIO_Mode
PA8.GPIO_Mode=GPIO_MODE_INPUT
PA8.GPIO_PuPd=GPIO_NOPULL
PA8.Locked=true
PA8.Signal=GPIO_Input
PB6.GPIOParameters=GPIO_FM6,GPIO_Speed,GPIO_Mode,GPIO_PuPdOD
PB6.GPIO_FM6=__NULL
PB6.GPIO_Mode=GPIO_MODE_AF_OD
PB6.GPIO_PuPdOD=GPIO_PULLUP
PB6.GPIO_Speed=GPIO_SPEED_FREQ_VERY_HIGH
PB6.Locked=true
PB6.Mode=I2C
PB6.Signal=I2C1_SCL
PB7.GPIOParameters=GPIO_Speed,GPIO_FM7,GPIO_Mode,GPIO_PuPdOD
PB7.GPIO_FM7=__NULL
PB7.GPIO_Mode=GPIO_MODE_AF_OD
PB7.GPIO_PuPdOD=GPIO_PULLUP
PB7.GPIO_Speed=GPIO_SPEED_FREQ_VERY_HIGH
PB7.Mode=I2C
PB7.Signal=I2C1_SDA
PCC.Checker=true
PCC.Line=STM32L4x2
PCC.MCU=STM32L432K(B-C)Ux
PCC.MXVersion=4.20.0
PCC.PartNumber=STM32L432KBUx
PCC.Seq0=1
PCC.Seq0.Step0.Average_Current=9.62 mA
PCC.Seq0.Step0.CPU_Frequency=80.0 MHz
PCC.Seq0.Step0.Category=In DS Table
PCC.Seq0.Step0.DMIPS=0.0
PCC.Seq0.Step0.Duration=1 ms
PCC.Seq0.Step0.Frequency=4.0 MHz
PCC.Seq0.Step0.Memory=FLASH
PCC.Seq0.Step0.Mode=RUN
PCC.Seq0.Step0.Oscillator=HSE BYP PLL
PCC.Seq0.Step0.Peripherals=ADC1\:fs_5_Msps
PCC.Seq0.Step0.TaMax=103.87
PCC.Seq0.Step0.User's_Consumption=0 mA
PCC.Seq0.Step0.Vcore=Range1-High
PCC.Seq0.Step0.Vdd=3.0
PCC.Seq0.Step0.Voltage_Source=Battery
PCC.Series=STM32L4
PCC.Temperature=25
PCC.Vdd=3.0
RCC.ADCCLockSelection=RCC_ADCCLKSOURCE_SYSCLK
RCC.ADCFreq_Value=80000000
RCC.AHBCLKDivider=RCC_SYSCLK_DIV1
RCC.AHBFreq_Value=80000000
RCC.APB1Freq_Value=80000000
RCC.APB1TimFreq_Value=80000000
RCC.APB2Freq_Value=80000000
RCC.APB2TimFreq_Value=80000000
RCC.CK48CLockSelection=RCC_USBCLKSOURCE_HSI48
RCC.ClockTypeHCLK=RCC_CLOCKTYPE_HCLK
RCC.ClockTypePCLK1=RCC_CLOCKTYPE_PCLK1
RCC.ClockTypePCLK2=RCC_CLOCKTYPE_PCLK2
RCC.ClockTypeSysClk=RCC_CLOCKTYPE_SYSCLK
RCC.CortexFreq_Value=80000000
RCC.EnableCSSLSE=false
RCC.EnbaleCSS=false
RCC.FCLKCortexFreq_Value=80000000
RCC.FamilyName=M
RCC.HCLKFreq_Value=80000000
RCC.HSE_VALUE=8000000
RCC.HSI48_VALUE=48000000
RCC.HSI_VALUE=16000000
RCC.I2C1CLockSelection=RCC_I2C1CLKSOURCE_SYSCLK
RCC.I2C1Freq_Value=80000000
RCC.I2C3Freq_Value=80000000
RCC.IPParameters=ADCCLockSelection,ADCFreq_Value,AHBCLKDivider,AHBFreq_Value,APB1Freq_Value,APB1TimFreq_Value,APB2Freq_Value,APB2TimFreq_Value,CK48CLockSelection,ClockTypeHCLK,ClockTypePCLK1,ClockTypePCLK2,ClockTypeSysClk,CortexFreq_Value,EnableCSSLSE,EnbaleCSS,FCLKCortexFreq_Value,FamilyName,HCLKFreq_Value,HSE_VALUE,HSI48_VALUE,HSI_VALUE,I2C1CLockSelection,I2C1Freq_Value,I2C3Freq_Value,LPTIM1Freq_Value,LPTIM2Freq_Value,LPUART1Freq_Value,LSCOPinFreq_Value,LSE_VALUE,LSI_VALUE,MCO1PinFreq_Value,MSIClockRange,MSI_VALUE,PLLM,PLLN,PLLPoutputFreq_Value,PLLQoutputFreq_Value,PLLR,PLLRCLKFreq_Value,PLLSAI1N,PLLSAI1PoutputFreq_Value,PLLSAI1Q,PLLSAI1QoutputFreq_Value,PLLSAI1R,PLLSAI1RoutputFreq_Value,PLLSourceVirtual,PWRFreq_Value,RNGFreq_Value,SAI1Freq_Value,SWPMI1Freq_Value,SYSCLKFreq_VALUE,SYSCLKSource,USART1Freq_Value,USART2Freq_Value,USBFreq_Value,VCOInputFreq_Value,VCOOutputFreq_Value,VCOSAI1OutputFreq_Value
RCC.LPTIM1Freq_Value=80000000
RCC.LPTIM2Freq_Value=80000000
RCC.LPUART1Freq_Value=80000000
RCC.LSCOPinFreq_Value=32000
RCC.LSE_VALUE=32768
RCC.LSI_VALUE=32000
RCC.MCO1PinFreq_Value=80000000
RCC.MSIClockRange=RCC_MSIRANGE_9
RCC.MSI_VALUE=24000000
RCC.PLLM=2
RCC.PLLN=20
RCC.PLLPoutputFreq_Value=22857142.85714286
RCC.PLLQoutputFreq_Value=80000000
RCC.PLLR=RCC_PLLR_DIV2
RCC.PLLRCLKFreq_Value=80000000
RCC.PLLSAI1N=20
RCC.PLLSAI1PoutputFreq_Value=22857142.85714286
RCC.PLLSAI1Q=RCC_PLLQ_DIV2
RCC.PLLSAI1QoutputFreq_Value=80000000
RCC.PLLSAI1R=RCC_PLLR_DIV2
RCC.PLLSAI1RoutputFreq_Value=80000000
RCC.PLLSourceVirtual=RCC_PLLSOURCE_HSI
RCC.PWRFreq_Value=80000000
RCC.RNGFreq_Value=48000000
RCC.SAI1Freq_Value=22857142.85714286
RCC.SWPMI1Freq_Value=80000000
RCC.SYSCLKFreq_VALUE=80000000
RCC.SYSCLKSource=RCC_SYSCLKSOURCE_PLLCLK
RCC.USART1Freq_Value=80000000
RCC.USART2Freq_Value=80000000
RCC.USBFreq_Value=48000000
RCC.VCOInputFreq_Value=8000000
RCC.VCOOutputFreq_Value=160000000
RCC.VCOSAI1OutputFreq_Value=160000000
SH.ADCx_IN5.0=ADC1_IN5,IN5-Differential
SH.ADCx_IN5.ConfNb=1
SH.ADCx_IN6.0=ADC1_IN6,IN5-Differential
SH.ADCx_IN6.ConfNb=1
SH.COMP_DAC11_group.0=DAC1_OUT1,DAC_OUT1
SH.COMP_DAC11_group.ConfNb=1
SH.COMP_DAC12_group.0=DAC1_OUT2,DAC_OUT2
SH.COMP_DAC12_group.ConfNb=1
TIM2.IPParameters=TIM_MasterOutputTrigger,Period
TIM2.Period=800
TIM2.TIM_MasterOutputTrigger=TIM_TRGO_UPDATE
TIM6.IPParameters=TIM_MasterSlaveMode,Period
TIM6.Period=800
TIM6.TIM_MasterSlaveMode=TIM_MASTERSLAVEMODE_DISABLE
USB_DEVICE.CLASS_NAME_FS=CDC
USB_DEVICE.IPParameters=VirtualMode,VirtualModeFS,USBD_HandleTypeDef_FS,CLASS_NAME_FS
USB_DEVICE.USBD_HandleTypeDef_FS=hUsbDevice_USB_FS
USB_DEVICE.VirtualMode=Cdc
USB_DEVICE.VirtualModeFS=Cdc_FS
VP_SYS_VS_Systick.Mode=SysTick
VP_SYS_VS_Systick.Signal=SYS_VS_Systick
VP_TIM2_VS_ClockSourceINT.Mode=Internal
VP_TIM2_VS_ClockSourceINT.Signal=TIM2_VS_ClockSourceINT
VP_TIM6_VS_ClockSourceINT.Mode=Enable_Timer
VP_TIM6_VS_ClockSourceINT.Signal=TIM6_VS_ClockSourceINT
VP_USB_DEVICE_VS_USB_DEVICE_CDC_FS.Mode=CDC_FS
VP_USB_DEVICE_VS_USB_DEVICE_CDC_FS.Signal=USB_DEVICE_VS_USB_DEVICE_CDC_FS
